
Microsoft Visual Studio Solution File, Format Version 12.00
# Visual Studio Version 17
VisualStudioVersion = 17.5.33424.131
MinimumVisualStudioVersion = 10.0.40219.1
Project("{9A19103F-16F7-4668-BE54-9A1E7A4F7556}") = "Task1", "Task1\Task1.csproj", "{DF894241-7B9F-41C7-815F-FB9E98D38DDF}"
EndProject
Project("{9A19103F-16F7-4668-BE54-9A1E7A4F7556}") = "Task2", "Task2\Task2.csproj", "{BD83E8C1-AB4A-496B-A779-EA9E1C83F625}"
EndProject
Project("{9A19103F-16F7-4668-BE54-9A1E7A4F7556}") = "Task3", "Task3\Task3.csproj", "{9D129A1D-15B8-4649-895D-32D5FF0315C8}"
EndProject
Project("{9A19103F-16F7-4668-BE54-9A1E7A4F7556}") = "Task4", "Task4\Task4.csproj", "{03441BF6-F6DC-4AC5-A764-7DAAD3DBF70A}"
EndProject
Project("{9A19103F-16F7-4668-BE54-9A1E7A4F7556}") = "Task5", "Task5\Task5.csproj", "{E4DA218F-93C9-4F03-9B09-BE5782F02A88}"
EndProject
Project("{9A19103F-16F7-4668-BE54-9A1E7A4F7556}") = "Task6", "Task6\Task6.csproj", "{B55EFCE5-FA63-4F9D-9028-06BE8235867E}"
EndProject
Project("{9A19103F-16F7-4668-BE54-9A1E7A4F7556}") = "Task7", "Task7\Task7.csproj", "{7035A518-D7E3-4704-97AB-30AB6E279CAC}"
EndProject
Project("{9A19103F-16F7-4668-BE54-9A1E7A4F7556}") = "Task8", "Task8\Task8.csproj", "{759FFD5E-AD59-4D0D-868B-FE1775EACE97}"
EndProject
Project("{9A19103F-16F7-4668-BE54-9A1E7A4F7556}") = "Task9", "Task9\Task9.csproj", "{8855C40E-6241-4FA4-A3BD-D46DB9E7E596}"
EndProject
Project("{9A19103F-16F7-4668-BE54-9A1E7A4F7556}") = "Task10", "Task10\Task10.csproj", "{F1F0E824-7EE1-47C3-8637-58E12E4537F5}"
EndProject
Project("{9A19103F-16F7-4668-BE54-9A1E7A4F7556}") = "Task11", "Task11\Task11.csproj", "{5A026DB2-9B46-454D-AC37-D2E11E4C9ACB}"
EndProject
Project("{9A19103F-16F7-4668-BE54-9A1E7A4F7556}") = "Task12", "Task12\Task12.csproj", "{803F16B3-1D3A-444C-B07D-DA9BBDE3305D}"
EndProject
Project("{9A19103F-16F7-4668-BE54-9A1E7A4F7556}") = "Task13", "Task13\Task13.csproj", "{4D72151F-386B-472D-BE0B-2F4020B65591}"
EndProject
Project("{9A19103F-16F7-4668-BE54-9A1E7A4F7556}") = "Task14", "Task14\Task14.csproj", "{52A53D78-EEF8-4AFD-99EF-69B7FD1AC623}"
EndProject
Project("{9A19103F-16F7-4668-BE54-9A1E7A4F7556}") = "Task15", "Task15\Task15.csproj", "{FDB5BAE8-E213-4D27-881F-CC5248533C70}"
EndProject
Project("{9A19103F-16F7-4668-BE54-9A1E7A4F7556}") = "Task16", "Task16\Task16.csproj", "{DAC37C23-B006-4466-BDFF-96C64D3AFFB8}"
EndProject
Project("{9A19103F-16F7-4668-BE54-9A1E7A4F7556}") = "Task17", "Task17\Task17.csproj", "{172D6592-F4A8-40D7-838F-F6087C9BB841}"
EndProject
Project("{9A19103F-16F7-4668-BE54-9A1E7A4F7556}") = "Task18", "Task18\Task18.csproj", "{38448A80-3C96-4B04-86AC-A132046A1441}"
EndProject
Project("{9A19103F-16F7-4668-BE54-9A1E7A4F7556}") = "Task19", "Task19\Task19.csproj", "{D350F9DA-2BDB-4B5B-83C5-2FA423F01288}"
EndProject
Project("{9A19103F-16F7-4668-BE54-9A1E7A4F7556}") = "Task20", "Task20\Task20.csproj", "{FE45123C-FC20-40F7-A226-9A39D25A6E06}"
EndProject
Project("{9A19103F-16F7-4668-BE54-9A1E7A4F7556}") = "Task21", "Task21\Task21.csproj", "{8917314D-02C0-4BCD-9301-8AC109859B44}"
EndProject
Project("{FAE04EC0-301F-11D3-BF4B-00C04F79EFBC}") = "Task22", "Task22\Task22.csproj", "{4D86CBB1-02F1-420E-BD75-6FEA79F50728}"
EndProject
Global
	GlobalSection(SolutionConfigurationPlatforms) = preSolution
		Debug|Any CPU = Debug|Any CPU
		Release|Any CPU = Release|Any CPU
	EndGlobalSection
	GlobalSection(ProjectConfigurationPlatforms) = postSolution
		{DF894241-7B9F-41C7-815F-FB9E98D38DDF}.Debug|Any CPU.ActiveCfg = Debug|Any CPU
		{DF894241-7B9F-41C7-815F-FB9E98D38DDF}.Debug|Any CPU.Build.0 = Debug|Any CPU
		{DF894241-7B9F-41C7-815F-FB9E98D38DDF}.Release|Any CPU.ActiveCfg = Release|Any CPU
		{DF894241-7B9F-41C7-815F-FB9E98D38DDF}.Release|Any CPU.Build.0 = Release|Any CPU
		{BD83E8C1-AB4A-496B-A779-EA9E1C83F625}.Debug|Any CPU.ActiveCfg = Debug|Any CPU
		{BD83E8C1-AB4A-496B-A779-EA9E1C83F625}.Debug|Any CPU.Build.0 = Debug|Any CPU
		{BD83E8C1-AB4A-496B-A779-EA9E1C83F625}.Release|Any CPU.ActiveCfg = Release|Any CPU
		{BD83E8C1-AB4A-496B-A779-EA9E1C83F625}.Release|Any CPU.Build.0 = Release|Any CPU
		{9D129A1D-15B8-4649-895D-32D5FF0315C8}.Debug|Any CPU.ActiveCfg = Debug|Any CPU
		{9D129A1D-15B8-4649-895D-32D5FF0315C8}.Debug|Any CPU.Build.0 = Debug|Any CPU
		{9D129A1D-15B8-4649-895D-32D5FF0315C8}.Release|Any CPU.ActiveCfg = Release|Any CPU
		{9D129A1D-15B8-4649-895D-32D5FF0315C8}.Release|Any CPU.Build.0 = Release|Any CPU
		{03441BF6-F6DC-4AC5-A764-7DAAD3DBF70A}.Debug|Any CPU.ActiveCfg = Debug|Any CPU
		{03441BF6-F6DC-4AC5-A764-7DAAD3DBF70A}.Debug|Any CPU.Build.0 = Debug|Any CPU
		{03441BF6-F6DC-4AC5-A764-7DAAD3DBF70A}.Release|Any CPU.ActiveCfg = Release|Any CPU
		{03441BF6-F6DC-4AC5-A764-7DAAD3DBF70A}.Release|Any CPU.Build.0 = Release|Any CPU
		{E4DA218F-93C9-4F03-9B09-BE5782F02A88}.Debug|Any CPU.ActiveCfg = Debug|Any CPU
		{E4DA218F-93C9-4F03-9B09-BE5782F02A88}.Debug|Any CPU.Build.0 = Debug|Any CPU
		{E4DA218F-93C9-4F03-9B09-BE5782F02A88}.Release|Any CPU.ActiveCfg = Release|Any CPU
		{E4DA218F-93C9-4F03-9B09-BE5782F02A88}.Release|Any CPU.Build.0 = Release|Any CPU
		{B55EFCE5-FA63-4F9D-9028-06BE8235867E}.Debug|Any CPU.ActiveCfg = Debug|Any CPU
		{B55EFCE5-FA63-4F9D-9028-06BE8235867E}.Debug|Any CPU.Build.0 = Debug|Any CPU
		{B55EFCE5-FA63-4F9D-9028-06BE8235867E}.Release|Any CPU.ActiveCfg = Release|Any CPU
		{B55EFCE5-FA63-4F9D-9028-06BE8235867E}.Release|Any CPU.Build.0 = Release|Any CPU
		{7035A518-D7E3-4704-97AB-30AB6E279CAC}.Debug|Any CPU.ActiveCfg = Debug|Any CPU
		{7035A518-D7E3-4704-97AB-30AB6E279CAC}.Debug|Any CPU.Build.0 = Debug|Any CPU
		{7035A518-D7E3-4704-97AB-30AB6E279CAC}.Release|Any CPU.ActiveCfg = Release|Any CPU
		{7035A518-D7E3-4704-97AB-30AB6E279CAC}.Release|Any CPU.Build.0 = Release|Any CPU
		{759FFD5E-AD59-4D0D-868B-FE1775EACE97}.Debug|Any CPU.ActiveCfg = Debug|Any CPU
		{759FFD5E-AD59-4D0D-868B-FE1775EACE97}.Debug|Any CPU.Build.0 = Debug|Any CPU
		{759FFD5E-AD59-4D0D-868B-FE1775EACE97}.Release|Any CPU.ActiveCfg = Release|Any CPU
		{759FFD5E-AD59-4D0D-868B-FE1775EACE97}.Release|Any CPU.Build.0 = Release|Any CPU
		{8855C40E-6241-4FA4-A3BD-D46DB9E7E596}.Debug|Any CPU.ActiveCfg = Debug|Any CPU
		{8855C40E-6241-4FA4-A3BD-D46DB9E7E596}.Debug|Any CPU.Build.0 = Debug|Any CPU
		{8855C40E-6241-4FA4-A3BD-D46DB9E7E596}.Release|Any CPU.ActiveCfg = Release|Any CPU
		{8855C40E-6241-4FA4-A3BD-D46DB9E7E596}.Release|Any CPU.Build.0 = Release|Any CPU
		{F1F0E824-7EE1-47C3-8637-58E12E4537F5}.Debug|Any CPU.ActiveCfg = Debug|Any CPU
		{F1F0E824-7EE1-47C3-8637-58E12E4537F5}.Debug|Any CPU.Build.0 = Debug|Any CPU
		{F1F0E824-7EE1-47C3-8637-58E12E4537F5}.Release|Any CPU.ActiveCfg = Release|Any CPU
		{F1F0E824-7EE1-47C3-8637-58E12E4537F5}.Release|Any CPU.Build.0 = Release|Any CPU
		{5A026DB2-9B46-454D-AC37-D2E11E4C9ACB}.Debug|Any CPU.ActiveCfg = Debug|Any CPU
		{5A026DB2-9B46-454D-AC37-D2E11E4C9ACB}.Debug|Any CPU.Build.0 = Debug|Any CPU
		{5A026DB2-9B46-454D-AC37-D2E11E4C9ACB}.Release|Any CPU.ActiveCfg = Release|Any CPU
		{5A026DB2-9B46-454D-AC37-D2E11E4C9ACB}.Release|Any CPU.Build.0 = Release|Any CPU
		{803F16B3-1D3A-444C-B07D-DA9BBDE3305D}.Debug|Any CPU.ActiveCfg = Debug|Any CPU
		{803F16B3-1D3A-444C-B07D-DA9BBDE3305D}.Debug|Any CPU.Build.0 = Debug|Any CPU
		{803F16B3-1D3A-444C-B07D-DA9BBDE3305D}.Release|Any CPU.ActiveCfg = Release|Any CPU
		{803F16B3-1D3A-444C-B07D-DA9BBDE3305D}.Release|Any CPU.Build.0 = Release|Any CPU
		{4D72151F-386B-472D-BE0B-2F4020B65591}.Debug|Any CPU.ActiveCfg = Debug|Any CPU
		{4D72151F-386B-472D-BE0B-2F4020B65591}.Debug|Any CPU.Build.0 = Debug|Any CPU
		{4D72151F-386B-472D-BE0B-2F4020B65591}.Release|Any CPU.ActiveCfg = Release|Any CPU
		{4D72151F-386B-472D-BE0B-2F4020B65591}.Release|Any CPU.Build.0 = Release|Any CPU
		{52A53D78-EEF8-4AFD-99EF-69B7FD1AC623}.Debug|Any CPU.ActiveCfg = Debug|Any CPU
		{52A53D78-EEF8-4AFD-99EF-69B7FD1AC623}.Debug|Any CPU.Build.0 = Debug|Any CPU
		{52A53D78-EEF8-4AFD-99EF-69B7FD1AC623}.Release|Any CPU.ActiveCfg = Release|Any CPU
		{52A53D78-EEF8-4AFD-99EF-69B7FD1AC623}.Release|Any CPU.Build.0 = Release|Any CPU
		{FDB5BAE8-E213-4D27-881F-CC5248533C70}.Debug|Any CPU.ActiveCfg = Debug|Any CPU
		{FDB5BAE8-E213-4D27-881F-CC5248533C70}.Debug|Any CPU.Build.0 = Debug|Any CPU
		{FDB5BAE8-E213-4D27-881F-CC5248533C70}.Release|Any CPU.ActiveCfg = Release|Any CPU
		{FDB5BAE8-E213-4D27-881F-CC5248533C70}.Release|Any CPU.Build.0 = Release|Any CPU
		{DAC37C23-B006-4466-BDFF-96C64D3AFFB8}.Debug|Any CPU.ActiveCfg = Debug|Any CPU
		{DAC37C23-B006-4466-BDFF-96C64D3AFFB8}.Debug|Any CPU.Build.0 = Debug|Any CPU
		{DAC37C23-B006-4466-BDFF-96C64D3AFFB8}.Release|Any CPU.ActiveCfg = Release|Any CPU
		{DAC37C23-B006-4466-BDFF-96C64D3AFFB8}.Release|Any CPU.Build.0 = Release|Any CPU
		{172D6592-F4A8-40D7-838F-F6087C9BB841}.Debug|Any CPU.ActiveCfg = Debug|Any CPU
		{172D6592-F4A8-40D7-838F-F6087C9BB841}.Debug|Any CPU.Build.0 = Debug|Any CPU
		{172D6592-F4A8-40D7-838F-F6087C9BB841}.Release|Any CPU.ActiveCfg = Release|Any CPU
		{172D6592-F4A8-40D7-838F-F6087C9BB841}.Release|Any CPU.Build.0 = Release|Any CPU
		{38448A80-3C96-4B04-86AC-A132046A1441}.Debug|Any CPU.ActiveCfg = Debug|Any CPU
		{38448A80-3C96-4B04-86AC-A132046A1441}.Debug|Any CPU.Build.0 = Debug|Any CPU
		{38448A80-3C96-4B04-86AC-A132046A1441}.Release|Any CPU.ActiveCfg = Release|Any CPU
		{38448A80-3C96-4B04-86AC-A132046A1441}.Release|Any CPU.Build.0 = Release|Any CPU
		{D350F9DA-2BDB-4B5B-83C5-2FA423F01288}.Debug|Any CPU.ActiveCfg = Debug|Any CPU
		{D350F9DA-2BDB-4B5B-83C5-2FA423F01288}.Debug|Any CPU.Build.0 = Debug|Any CPU
		{D350F9DA-2BDB-4B5B-83C5-2FA423F01288}.Release|Any CPU.ActiveCfg = Release|Any CPU
		{D350F9DA-2BDB-4B5B-83C5-2FA423F01288}.Release|Any CPU.Build.0 = Release|Any CPU
		{FE45123C-FC20-40F7-A226-9A39D25A6E06}.Debug|Any CPU.ActiveCfg = Debug|Any CPU
		{FE45123C-FC20-40F7-A226-9A39D25A6E06}.Debug|Any CPU.Build.0 = Debug|Any CPU
		{FE45123C-FC20-40F7-A226-9A39D25A6E06}.Release|Any CPU.ActiveCfg = Release|Any CPU
		{FE45123C-FC20-40F7-A226-9A39D25A6E06}.Release|Any CPU.Build.0 = Release|Any CPU
		{8917314D-02C0-4BCD-9301-8AC109859B44}.Debug|Any CPU.ActiveCfg = Debug|Any CPU
		{8917314D-02C0-4BCD-9301-8AC109859B44}.Debug|Any CPU.Build.0 = Debug|Any CPU
		{8917314D-02C0-4BCD-9301-8AC109859B44}.Release|Any CPU.ActiveCfg = Release|Any CPU
		{8917314D-02C0-4BCD-9301-8AC109859B44}.Release|Any CPU.Build.0 = Release|Any CPU
		{4D86CBB1-02F1-420E-BD75-6FEA79F50728}.Debug|Any CPU.ActiveCfg = Debug|Any CPU
		{4D86CBB1-02F1-420E-BD75-6FEA79F50728}.Debug|Any CPU.Build.0 = Debug|Any CPU
		{4D86CBB1-02F1-420E-BD75-6FEA79F50728}.Release|Any CPU.ActiveCfg = Release|Any CPU
		{4D86CBB1-02F1-420E-BD75-6FEA79F50728}.Release|Any CPU.Build.0 = Release|Any CPU
	EndGlobalSection
	GlobalSection(SolutionProperties) = preSolution
		HideSolutionNode = FALSE
	EndGlobalSection
	GlobalSection(ExtensibilityGlobals) = postSolution
		SolutionGuid = {DD2569B7-3899-4F1B-AF27-615F868B8E15}
	EndGlobalSection
EndGlobal
